
Microsoft Visual Studio Solution File, Format Version 12.00
# Visual Studio Version 16
VisualStudioVersion = 16.0.28803.202
MinimumVisualStudioVersion = 10.0.40219.1
Project("{FAE04EC0-301F-11D3-BF4B-00C04F79EFBC}") = "TigerHacks2019e", "TigerHacks2019e\TigerHacks2019e.csproj", "{01A457C4-3DAE-4E53-B1BB-466643A85FCF}"
EndProject
Global
	GlobalSection(SolutionConfigurationPlatforms) = preSolution
		Debug|Any CPU = Debug|Any CPU
		Release|Any CPU = Release|Any CPU
	EndGlobalSection
	GlobalSection(ProjectConfigurationPlatforms) = postSolution
		{01A457C4-3DAE-4E53-B1BB-466643A85FCF}.Debug|Any CPU.ActiveCfg = Debug|Any CPU
		{01A457C4-3DAE-4E53-B1BB-466643A85FCF}.Debug|Any CPU.Build.0 = Debug|Any CPU
		{01A457C4-3DAE-4E53-B1BB-466643A85FCF}.Release|Any CPU.ActiveCfg = Release|Any CPU
		{01A457C4-3DAE-4E53-B1BB-466643A85FCF}.Release|Any CPU.Build.0 = Release|Any CPU
	EndGlobalSection
	GlobalSection(SolutionProperties) = preSolution
		HideSolutionNode = FALSE
	EndGlobalSection
	GlobalSection(ExtensibilityGlobals) = postSolution
		SolutionGuid = {57F93269-4084-4B81-A05B-D2C597C7B1E3}
	EndGlobalSection
EndGlobal
